
Microsoft Visual Studio Solution File, Format Version 12.00
# Visual Studio Version 17
VisualStudioVersion = 17.9.34902.65
MinimumVisualStudioVersion = 10.0.40219.1
Project("{FAE04EC0-301F-11D3-BF4B-00C04F79EFBC}") = "EFLinqApp", "EFLinqApp\EFLinqApp.csproj", "{FDF3CBFA-0EE1-4B91-BF4E-9B040ECABD37}"
EndProject
Global
	GlobalSection(SolutionConfigurationPlatforms) = preSolution
		Debug|Any CPU = Debug|Any CPU
		Release|Any CPU = Release|Any CPU
	EndGlobalSection
	GlobalSection(ProjectConfigurationPlatforms) = postSolution
		{FDF3CBFA-0EE1-4B91-BF4E-9B040ECABD37}.Debug|Any CPU.ActiveCfg = Debug|Any CPU
		{FDF3CBFA-0EE1-4B91-BF4E-9B040ECABD37}.Debug|Any CPU.Build.0 = Debug|Any CPU
		{FDF3CBFA-0EE1-4B91-BF4E-9B040ECABD37}.Release|Any CPU.ActiveCfg = Release|Any CPU
		{FDF3CBFA-0EE1-4B91-BF4E-9B040ECABD37}.Release|Any CPU.Build.0 = Release|Any CPU
	EndGlobalSection
	GlobalSection(SolutionProperties) = preSolution
		HideSolutionNode = FALSE
	EndGlobalSection
	GlobalSection(ExtensibilityGlobals) = postSolution
		SolutionGuid = {0C361574-0B3F-4C80-8F28-2767738FAF10}
	EndGlobalSection
EndGlobal
